// !$*UTF8*$!
{
	archiveVersion = 1;
	classes = {
	};
	objectVersion = 50;
	objects = {

/* Begin PBXBuildFile section */
		AA06BB502129AF9D0051D0D3 /* kalman_filter.cpp in Sources */ = {isa = PBXBuildFile; fileRef = AA06BB4E2129AF9D0051D0D3 /* kalman_filter.cpp */; };
		AA06BB522129B0440051D0D3 /* main.cpp in Sources */ = {isa = PBXBuildFile; fileRef = AA06BB512129B0440051D0D3 /* main.cpp */; };
		AA06BB552129B6420051D0D3 /* tracking.cpp in Sources */ = {isa = PBXBuildFile; fileRef = AA06BB532129B6420051D0D3 /* tracking.cpp */; };
/* End PBXBuildFile section */

/* Begin PBXCopyFilesBuildPhase section */
		AA033D3721273F4500BAD012 /* CopyFiles */ = {
			isa = PBXCopyFilesBuildPhase;
			buildActionMask = 2147483647;
			dstPath = /usr/share/man/man1/;
			dstSubfolderSpec = 0;
			files = (
			);
			runOnlyForDeploymentPostprocessing = 1;
		};
/* End PBXCopyFilesBuildPhase section */

/* Begin PBXFileReference section */
		AA033D3921273F4500BAD012 /* CarNd-Laser-Measurements */ = {isa = PBXFileReference; explicitFileType = "compiled.mach-o.executable"; includeInIndex = 0; path = "CarNd-Laser-Measurements"; sourceTree = BUILT_PRODUCTS_DIR; };
		AA033D4321273F6E00BAD012 /* Eigen */ = {isa = PBXFileReference; lastKnownFileType = folder; path = Eigen; sourceTree = "<group>"; };
		AA06BB4E2129AF9D0051D0D3 /* kalman_filter.cpp */ = {isa = PBXFileReference; lastKnownFileType = sourcecode.cpp.cpp; path = kalman_filter.cpp; sourceTree = "<group>"; };
		AA06BB4F2129AF9D0051D0D3 /* kalman_filter.hpp */ = {isa = PBXFileReference; lastKnownFileType = sourcecode.cpp.h; path = kalman_filter.hpp; sourceTree = "<group>"; };
		AA06BB512129B0440051D0D3 /* main.cpp */ = {isa = PBXFileReference; lastKnownFileType = sourcecode.cpp.cpp; path = main.cpp; sourceTree = "<group>"; };
		AA06BB532129B6420051D0D3 /* tracking.cpp */ = {isa = PBXFileReference; lastKnownFileType = sourcecode.cpp.cpp; path = tracking.cpp; sourceTree = "<group>"; };
		AA06BB542129B6420051D0D3 /* tracking.hpp */ = {isa = PBXFileReference; lastKnownFileType = sourcecode.cpp.h; path = tracking.hpp; sourceTree = "<group>"; };
		AA06BB592129B7140051D0D3 /* measurement_package.hpp */ = {isa = PBXFileReference; lastKnownFileType = sourcecode.cpp.h; path = measurement_package.hpp; sourceTree = "<group>"; };
		AA06BB5D2129C03F0051D0D3 /* data */ = {isa = PBXFileReference; lastKnownFileType = folder; path = data; sourceTree = "<group>"; };
/* End PBXFileReference section */

/* Begin PBXFrameworksBuildPhase section */
		AA033D3621273F4500BAD012 /* Frameworks */ = {
			isa = PBXFrameworksBuildPhase;
			buildActionMask = 2147483647;
			files = (
			);
			runOnlyForDeploymentPostprocessing = 0;
		};
/* End PBXFrameworksBuildPhase section */

/* Begin PBXGroup section */
		AA033D3021273F4500BAD012 = {
			isa = PBXGroup;
			children = (
				AA06BB5D2129C03F0051D0D3 /* data */,
				AA033D3B21273F4500BAD012 /* CarNd-Laser-Measurements */,
				AA033D3A21273F4500BAD012 /* Products */,
			);
			sourceTree = "<group>";
		};
		AA033D3A21273F4500BAD012 /* Products */ = {
			isa = PBXGroup;
			children = (
				AA033D3921273F4500BAD012 /* CarNd-Laser-Measurements */,
			);
			name = Products;
			sourceTree = "<group>";
		};
		AA033D3B21273F4500BAD012 /* CarNd-Laser-Measurements */ = {
			isa = PBXGroup;
			children = (
				AA06BB592129B7140051D0D3 /* measurement_package.hpp */,
				AA033D4321273F6E00BAD012 /* Eigen */,
				AA06BB4E2129AF9D0051D0D3 /* kalman_filter.cpp */,
				AA06BB4F2129AF9D0051D0D3 /* kalman_filter.hpp */,
				AA06BB512129B0440051D0D3 /* main.cpp */,
				AA06BB532129B6420051D0D3 /* tracking.cpp */,
				AA06BB542129B6420051D0D3 /* tracking.hpp */,
			);
			path = "CarNd-Laser-Measurements";
			sourceTree = "<group>";
		};
/* End PBXGroup section */

/* Begin PBXNativeTarget section */
		AA033D3821273F4500BAD012 /* CarNd-Laser-Measurements */ = {
			isa = PBXNativeTarget;
			buildConfigurationList = AA033D4021273F4500BAD012 /* Build configuration list for PBXNativeTarget "CarNd-Laser-Measurements" */;
			buildPhases = (
				AA033D3521273F4500BAD012 /* Sources */,
				AA033D3621273F4500BAD012 /* Frameworks */,
				AA033D3721273F4500BAD012 /* CopyFiles */,
			);
			buildRules = (
			);
			dependencies = (
			);
			name = "CarNd-Laser-Measurements";
			productName = "CarNd-Laser-Measurements";
			productReference = AA033D3921273F4500BAD012 /* CarNd-Laser-Measurements */;
			productType = "com.apple.product-type.tool";
		};
/* End PBXNativeTarget section */

/* Begin PBXProject section */
		AA033D3121273F4500BAD012 /* Project object */ = {
			isa = PBXProject;
			attributes = {
				LastUpgradeCheck = 0940;
				ORGANIZATIONNAME = "Bajrang Chapola";
				TargetAttributes = {
					AA033D3821273F4500BAD012 = {
						CreatedOnToolsVersion = 9.4.1;
					};
				};
			};
			buildConfigurationList = AA033D3421273F4500BAD012 /* Build configuration list for PBXProject "CarNd-Laser-Measurements" */;
			compatibilityVersion = "Xcode 9.3";
			developmentRegion = en;
			hasScannedForEncodings = 0;
			knownRegions = (
				en,
			);
			mainGroup = AA033D3021273F4500BAD012;
			productRefGroup = AA033D3A21273F4500BAD012 /* Products */;
			projectDirPath = "";
			projectRoot = "";
			targets = (
				AA033D3821273F4500BAD012 /* CarNd-Laser-Measurements */,
			);
		};
/* End PBXProject section */

/* Begin PBXSourcesBuildPhase section */
		AA033D3521273F4500BAD012 /* Sources */ = {
			isa = PBXSourcesBuildPhase;
			buildActionMask = 2147483647;
			files = (
				AA06BB522129B0440051D0D3 /* main.cpp in Sources */,
				AA06BB502129AF9D0051D0D3 /* kalman_filter.cpp in Sources */,
				AA06BB552129B6420051D0D3 /* tracking.cpp in Sources */,
			);
			runOnlyForDeploymentPostprocessing = 0;
		};
/* End PBXSourcesBuildPhase section */

/* Begin XCBuildConfiguration section */
		AA033D3E21273F4500BAD012 /* Debug */ = {
			isa = XCBuildConfiguration;
			buildSettings = {
				ALWAYS_SEARCH_USER_PATHS = NO;
				CLANG_ANALYZER_NONNULL = YES;
				CLANG_ANALYZER_NUMBER_OBJECT_CONVERSION = YES_AGGRESSIVE;
				CLANG_CXX_LANGUAGE_STANDARD = "gnu++14";
				CLANG_CXX_LIBRARY = "libc++";
				CLANG_ENABLE_MODULES = YES;
				CLANG_ENABLE_OBJC_ARC = YES;
				CLANG_ENABLE_OBJC_WEAK = YES;
				CLANG_WARN_BLOCK_CAPTURE_AUTORELEASING = YES;
				CLANG_WARN_BOOL_CONVERSION = YES;
				CLANG_WARN_COMMA = YES;
				CLANG_WARN_CONSTANT_CONVERSION = YES;
				CLANG_WARN_DEPRECATED_OBJC_IMPLEMENTATIONS = YES;
				CLANG_WARN_DIRECT_OBJC_ISA_USAGE = YES_ERROR;
				CLANG_WARN_DOCUMENTATION_COMMENTS = YES;
				CLANG_WARN_EMPTY_BODY = YES;
				CLANG_WARN_ENUM_CONVERSION = YES;
				CLANG_WARN_INFINITE_RECURSION = YES;
				CLANG_WARN_INT_CONVERSION = YES;
				CLANG_WARN_NON_LITERAL_NULL_CONVERSION = YES;
				CLANG_WARN_OBJC_IMPLICIT_RETAIN_SELF = YES;
				CLANG_WARN_OBJC_LITERAL_CONVERSION = YES;
				CLANG_WARN_OBJC_ROOT_CLASS = YES_ERROR;
				CLANG_WARN_RANGE_LOOP_ANALYSIS = YES;
				CLANG_WARN_STRICT_PROTOTYPES = YES;
				CLANG_WARN_SUSPICIOUS_MOVE = YES;
				CLANG_WARN_UNGUARDED_AVAILABILITY = YES_AGGRESSIVE;
				CLANG_WARN_UNREACHABLE_CODE = YES;
				CLANG_WARN__DUPLICATE_METHOD_MATCH = YES;
				CODE_SIGN_IDENTITY = "-";
				COPY_PHASE_STRIP = NO;
				DEBUG_INFORMATION_FORMAT = dwarf;
				ENABLE_STRICT_OBJC_MSGSEND = YES;
				ENABLE_TESTABILITY = YES;
				GCC_C_LANGUAGE_STANDARD = gnu11;
				GCC_DYNAMIC_NO_PIC = NO;
				GCC_NO_COMMON_BLOCKS = YES;
				GCC_OPTIMIZATION_LEVEL = 0;
				GCC_PREPROCESSOR_DEFINITIONS = (
					"DEBUG=1",
					"$(inherited)",
				);
				GCC_WARN_64_TO_32_BIT_CONVERSION = YES;
				GCC_WARN_ABOUT_RETURN_TYPE = YES_ERROR;
				GCC_WARN_UNDECLARED_SELECTOR = YES;
				GCC_WARN_UNINITIALIZED_AUTOS = YES_AGGRESSIVE;
				GCC_WARN_UNUSED_FUNCTION = YES;
				GCC_WARN_UNUSED_VARIABLE = YES;
				MACOSX_DEPLOYMENT_TARGET = 10.13;
				MTL_ENABLE_DEBUG_INFO = YES;
				ONLY_ACTIVE_ARCH = YES;
				SDKROOT = macosx;
			};
			name = Debug;
		};
		AA033D3F21273F4500BAD012 /* Release */ = {
			isa = XCBuildConfiguration;
			buildSettings = {
				ALWAYS_SEARCH_USER_PATHS = NO;
				CLANG_ANALYZER_NONNULL = YES;
				CLANG_ANALYZER_NUMBER_OBJECT_CONVERSION = YES_AGGRESSIVE;
				CLANG_CXX_LANGUAGE_STANDARD = "gnu++14";
				CLANG_CXX_LIBRARY = "libc++";
				CLANG_ENABLE_MODULES = YES;
				CLANG_ENABLE_OBJC_ARC = YES;
				CLANG_ENABLE_OBJC_WEAK = YES;
				CLANG_WARN_BLOCK_CAPTURE_AUTORELEASING = YES;
				CLANG_WARN_BOOL_CONVERSION = YES;
				CLANG_WARN_COMMA = YES;
				CLANG_WARN_CONSTANT_CONVERSION = YES;
				CLANG_WARN_DEPRECATED_OBJC_IMPLEMENTATIONS = YES;
				CLANG_WARN_DIRECT_OBJC_ISA_USAGE = YES_ERROR;
				CLANG_WARN_DOCUMENTATION_COMMENTS = YES;
				CLANG_WARN_EMPTY_BODY = YES;
				CLANG_WARN_ENUM_CONVERSION = YES;
				CLANG_WARN_INFINITE_RECURSION = YES;
				CLANG_WARN_INT_CONVERSION = YES;
				CLANG_WARN_NON_LITERAL_NULL_CONVERSION = YES;
				CLANG_WARN_OBJC_IMPLICIT_RETAIN_SELF = YES;
				CLANG_WARN_OBJC_LITERAL_CONVERSION = YES;
				CLANG_WARN_OBJC_ROOT_CLASS = YES_ERROR;
				CLANG_WARN_RANGE_LOOP_ANALYSIS = YES;
				CLANG_WARN_STRICT_PROTOTYPES = YES;
				CLANG_WARN_SUSPICIOUS_MOVE = YES;
				CLANG_WARN_UNGUARDED_AVAILABILITY = YES_AGGRESSIVE;
				CLANG_WARN_UNREACHABLE_CODE = YES;
				CLANG_WARN__DUPLICATE_METHOD_MATCH = YES;
				CODE_SIGN_IDENTITY = "-";
				COPY_PHASE_STRIP = NO;
				DEBUG_INFORMATION_FORMAT = "dwarf-with-dsym";
				ENABLE_NS_ASSERTIONS = NO;
				ENABLE_STRICT_OBJC_MSGSEND = YES;
				GCC_C_LANGUAGE_STANDARD = gnu11;
				GCC_NO_COMMON_BLOCKS = YES;
				GCC_WARN_64_TO_32_BIT_CONVERSION = YES;
				GCC_WARN_ABOUT_RETURN_TYPE = YES_ERROR;
				GCC_WARN_UNDECLARED_SELECTOR = YES;
				GCC_WARN_UNINITIALIZED_AUTOS = YES_AGGRESSIVE;
				GCC_WARN_UNUSED_FUNCTION = YES;
				GCC_WARN_UNUSED_VARIABLE = YES;
				MACOSX_DEPLOYMENT_TARGET = 10.13;
				MTL_ENABLE_DEBUG_INFO = NO;
				SDKROOT = macosx;
			};
			name = Release;
		};
		AA033D4121273F4500BAD012 /* Debug */ = {
			isa = XCBuildConfiguration;
			buildSettings = {
				CODE_SIGN_STYLE = Automatic;
				PRODUCT_NAME = "$(TARGET_NAME)";
			};
			name = Debug;
		};
		AA033D4221273F4500BAD012 /* Release */ = {
			isa = XCBuildConfiguration;
			buildSettings = {
				CODE_SIGN_STYLE = Automatic;
				PRODUCT_NAME = "$(TARGET_NAME)";
			};
			name = Release;
		};
/* End XCBuildConfiguration section */

/* Begin XCConfigurationList section */
		AA033D3421273F4500BAD012 /* Build configuration list for PBXProject "CarNd-Laser-Measurements" */ = {
			isa = XCConfigurationList;
			buildConfigurations = (
				AA033D3E21273F4500BAD012 /* Debug */,
				AA033D3F21273F4500BAD012 /* Release */,
			);
			defaultConfigurationIsVisible = 0;
			defaultConfigurationName = Release;
		};
		AA033D4021273F4500BAD012 /* Build configuration list for PBXNativeTarget "CarNd-Laser-Measurements" */ = {
			isa = XCConfigurationList;
			buildConfigurations = (
				AA033D4121273F4500BAD012 /* Debug */,
				AA033D4221273F4500BAD012 /* Release */,
			);
			defaultConfigurationIsVisible = 0;
			defaultConfigurationName = Release;
		};
/* End XCConfigurationList section */
	};
	rootObject = AA033D3121273F4500BAD012 /* Project object */;
}
